
Microsoft Visual Studio Solution File, Format Version 12.00
# Visual Studio Version 17
VisualStudioVersion = 17.14.36109.1 d17.14
MinimumVisualStudioVersion = 10.0.40219.1
Project("{FAE04EC0-301F-11D3-BF4B-00C04F79EFBC}") = "TopicosAvancados", "TopicosAvancados.csproj", "{A056DEC6-4884-471E-90C8-E45E21DC25FE}"
EndProject
Global
	GlobalSection(SolutionConfigurationPlatforms) = preSolution
		Debug|Any CPU = Debug|Any CPU
		Release|Any CPU = Release|Any CPU
	EndGlobalSection
	GlobalSection(ProjectConfigurationPlatforms) = postSolution
		{A056DEC6-4884-471E-90C8-E45E21DC25FE}.Debug|Any CPU.ActiveCfg = Debug|Any CPU
		{A056DEC6-4884-471E-90C8-E45E21DC25FE}.Debug|Any CPU.Build.0 = Debug|Any CPU
		{A056DEC6-4884-471E-90C8-E45E21DC25FE}.Release|Any CPU.ActiveCfg = Release|Any CPU
		{A056DEC6-4884-471E-90C8-E45E21DC25FE}.Release|Any CPU.Build.0 = Release|Any CPU
	EndGlobalSection
	GlobalSection(SolutionProperties) = preSolution
		HideSolutionNode = FALSE
	EndGlobalSection
	GlobalSection(ExtensibilityGlobals) = postSolution
		SolutionGuid = {3CE96464-D6F0-49F3-9739-16B18007BC20}
	EndGlobalSection
EndGlobal
